
Microsoft Visual Studio Solution File, Format Version 12.00
# Visual Studio Version 16
VisualStudioVersion = 16.0.29001.49
MinimumVisualStudioVersion = 10.0.40219.1
Project("{2150E333-8FDC-42A3-9474-1A3956D46DE8}") = "0.Presentation", "0.Presentation", "{8BAC9A45-F330-443F-AEBE-8296B0A6179D}"
EndProject
Project("{2150E333-8FDC-42A3-9474-1A3956D46DE8}") = "1.Application", "1.Application", "{0D871584-A097-473D-9181-11A2012E0CA4}"
EndProject
Project("{2150E333-8FDC-42A3-9474-1A3956D46DE8}") = "2.Services", "2.Services", "{0D62DDD1-1CB7-4CD5-8E70-F9905201F80A}"
EndProject
Project("{2150E333-8FDC-42A3-9474-1A3956D46DE8}") = "3.Domain", "3.Domain", "{64DC0227-D6EA-45B7-86EC-56A6FEC4FF9E}"
EndProject
Project("{2150E333-8FDC-42A3-9474-1A3956D46DE8}") = "4.Infra", "4.Infra", "{433B9196-8E97-41B8-A035-D60B7698E029}"
EndProject
Project("{2150E333-8FDC-42A3-9474-1A3956D46DE8}") = "4.1.Data", "4.1.Data", "{3712B309-5D48-4EED-98C1-ABD7CBD04CE0}"
EndProject
Project("{2150E333-8FDC-42A3-9474-1A3956D46DE8}") = "4.2.IoC", "4.2.IoC", "{637890C1-A053-4303-91AE-6354A400C45F}"
EndProject
Project("{2150E333-8FDC-42A3-9474-1A3956D46DE8}") = "4.3.Test", "4.3.Test", "{594C9B12-C805-480C-A9E2-880BC300AFC9}"
EndProject
Project("{2150E333-8FDC-42A3-9474-1A3956D46DE8}") = "Sql", "Sql", "{92591BA6-F107-4328-BC43-DDA9E73F9F4B}"
EndProject
Project("{9A19103F-16F7-4668-BE54-9A1E7A4F7556}") = "MySql", "Infra\Data\Sql\MySql\MySql.csproj", "{224D3D7E-EA1A-4FB3-B83B-6F12970B1D89}"
EndProject
Project("{9A19103F-16F7-4668-BE54-9A1E7A4F7556}") = "XUnitTest", "Infra\Test\XUnitTest\XUnitTest.csproj", "{C18A02AB-0DB1-4BB6-A80F-94F2F4E5AEA7}"
EndProject
Project("{9A19103F-16F7-4668-BE54-9A1E7A4F7556}") = "IoC", "Infra\Ioc\IoC\IoC.csproj", "{87F17459-F084-4BC7-93AA-E0AE53F68C6C}"
EndProject
Project("{9A19103F-16F7-4668-BE54-9A1E7A4F7556}") = "DomainServices", "Services\DomainServices\DomainServices.csproj", "{C4A199BD-E9F7-4562-9713-D173429BDE4E}"
EndProject
Project("{9A19103F-16F7-4668-BE54-9A1E7A4F7556}") = "DomainModel", "Domain\DomainModel\DomainModel.csproj", "{F602EFE3-D544-4CCB-A325-0F6231A74330}"
EndProject
Project("{9A19103F-16F7-4668-BE54-9A1E7A4F7556}") = "Angle", "Presentation\Angle\Angle.csproj", "{87D6E3AF-4488-49CF-A7DB-9A2B31D98965}"
EndProject
Project("{FAE04EC0-301F-11D3-BF4B-00C04F79EFBC}") = "WebApi", "Application\WebApi\WebApi.csproj", "{1826DD60-C7C3-48E9-BA38-9D52F052B26B}"
EndProject
Global
	GlobalSection(SolutionConfigurationPlatforms) = preSolution
		Debug|Any CPU = Debug|Any CPU
		Release|Any CPU = Release|Any CPU
	EndGlobalSection
	GlobalSection(ProjectConfigurationPlatforms) = postSolution
		{224D3D7E-EA1A-4FB3-B83B-6F12970B1D89}.Debug|Any CPU.ActiveCfg = Debug|Any CPU
		{224D3D7E-EA1A-4FB3-B83B-6F12970B1D89}.Debug|Any CPU.Build.0 = Debug|Any CPU
		{224D3D7E-EA1A-4FB3-B83B-6F12970B1D89}.Release|Any CPU.ActiveCfg = Release|Any CPU
		{224D3D7E-EA1A-4FB3-B83B-6F12970B1D89}.Release|Any CPU.Build.0 = Release|Any CPU
		{C18A02AB-0DB1-4BB6-A80F-94F2F4E5AEA7}.Debug|Any CPU.ActiveCfg = Debug|Any CPU
		{C18A02AB-0DB1-4BB6-A80F-94F2F4E5AEA7}.Debug|Any CPU.Build.0 = Debug|Any CPU
		{C18A02AB-0DB1-4BB6-A80F-94F2F4E5AEA7}.Release|Any CPU.ActiveCfg = Release|Any CPU
		{C18A02AB-0DB1-4BB6-A80F-94F2F4E5AEA7}.Release|Any CPU.Build.0 = Release|Any CPU
		{87F17459-F084-4BC7-93AA-E0AE53F68C6C}.Debug|Any CPU.ActiveCfg = Debug|Any CPU
		{87F17459-F084-4BC7-93AA-E0AE53F68C6C}.Debug|Any CPU.Build.0 = Debug|Any CPU
		{87F17459-F084-4BC7-93AA-E0AE53F68C6C}.Release|Any CPU.ActiveCfg = Release|Any CPU
		{87F17459-F084-4BC7-93AA-E0AE53F68C6C}.Release|Any CPU.Build.0 = Release|Any CPU
		{C4A199BD-E9F7-4562-9713-D173429BDE4E}.Debug|Any CPU.ActiveCfg = Debug|Any CPU
		{C4A199BD-E9F7-4562-9713-D173429BDE4E}.Debug|Any CPU.Build.0 = Debug|Any CPU
		{C4A199BD-E9F7-4562-9713-D173429BDE4E}.Release|Any CPU.ActiveCfg = Release|Any CPU
		{C4A199BD-E9F7-4562-9713-D173429BDE4E}.Release|Any CPU.Build.0 = Release|Any CPU
		{F602EFE3-D544-4CCB-A325-0F6231A74330}.Debug|Any CPU.ActiveCfg = Debug|Any CPU
		{F602EFE3-D544-4CCB-A325-0F6231A74330}.Debug|Any CPU.Build.0 = Debug|Any CPU
		{F602EFE3-D544-4CCB-A325-0F6231A74330}.Release|Any CPU.ActiveCfg = Release|Any CPU
		{F602EFE3-D544-4CCB-A325-0F6231A74330}.Release|Any CPU.Build.0 = Release|Any CPU
		{87D6E3AF-4488-49CF-A7DB-9A2B31D98965}.Debug|Any CPU.ActiveCfg = Debug|Any CPU
		{87D6E3AF-4488-49CF-A7DB-9A2B31D98965}.Debug|Any CPU.Build.0 = Debug|Any CPU
		{87D6E3AF-4488-49CF-A7DB-9A2B31D98965}.Release|Any CPU.ActiveCfg = Release|Any CPU
		{87D6E3AF-4488-49CF-A7DB-9A2B31D98965}.Release|Any CPU.Build.0 = Release|Any CPU
		{1826DD60-C7C3-48E9-BA38-9D52F052B26B}.Debug|Any CPU.ActiveCfg = Debug|Any CPU
		{1826DD60-C7C3-48E9-BA38-9D52F052B26B}.Debug|Any CPU.Build.0 = Debug|Any CPU
		{1826DD60-C7C3-48E9-BA38-9D52F052B26B}.Release|Any CPU.ActiveCfg = Release|Any CPU
		{1826DD60-C7C3-48E9-BA38-9D52F052B26B}.Release|Any CPU.Build.0 = Release|Any CPU
	EndGlobalSection
	GlobalSection(SolutionProperties) = preSolution
		HideSolutionNode = FALSE
	EndGlobalSection
	GlobalSection(NestedProjects) = preSolution
		{3712B309-5D48-4EED-98C1-ABD7CBD04CE0} = {433B9196-8E97-41B8-A035-D60B7698E029}
		{637890C1-A053-4303-91AE-6354A400C45F} = {433B9196-8E97-41B8-A035-D60B7698E029}
		{594C9B12-C805-480C-A9E2-880BC300AFC9} = {433B9196-8E97-41B8-A035-D60B7698E029}
		{92591BA6-F107-4328-BC43-DDA9E73F9F4B} = {3712B309-5D48-4EED-98C1-ABD7CBD04CE0}
		{224D3D7E-EA1A-4FB3-B83B-6F12970B1D89} = {92591BA6-F107-4328-BC43-DDA9E73F9F4B}
		{C18A02AB-0DB1-4BB6-A80F-94F2F4E5AEA7} = {594C9B12-C805-480C-A9E2-880BC300AFC9}
		{87F17459-F084-4BC7-93AA-E0AE53F68C6C} = {637890C1-A053-4303-91AE-6354A400C45F}
		{C4A199BD-E9F7-4562-9713-D173429BDE4E} = {0D62DDD1-1CB7-4CD5-8E70-F9905201F80A}
		{F602EFE3-D544-4CCB-A325-0F6231A74330} = {64DC0227-D6EA-45B7-86EC-56A6FEC4FF9E}
		{87D6E3AF-4488-49CF-A7DB-9A2B31D98965} = {8BAC9A45-F330-443F-AEBE-8296B0A6179D}
		{1826DD60-C7C3-48E9-BA38-9D52F052B26B} = {0D871584-A097-473D-9181-11A2012E0CA4}
	EndGlobalSection
	GlobalSection(ExtensibilityGlobals) = postSolution
		SolutionGuid = {2AD1FC0D-0426-4620-B281-4BEF27E9F711}
	EndGlobalSection
EndGlobal
